
Microsoft Visual Studio Solution File, Format Version 12.00
# Visual Studio Version 16
VisualStudioVersion = 16.0.810.20
MinimumVisualStudioVersion = 10.0.40219.1
Project("{FAE04EC0-301F-11D3-BF4B-00C04F79EFBC}") = "TempleTourGenius", "TempleTourGenius\TempleTourGenius.csproj", "{F967DA62-01EA-4B55-9423-724E72167086}"
EndProject
Global
	GlobalSection(SolutionConfigurationPlatforms) = preSolution
		Debug|Any CPU = Debug|Any CPU
		Release|Any CPU = Release|Any CPU
	EndGlobalSection
	GlobalSection(ProjectConfigurationPlatforms) = postSolution
		{F967DA62-01EA-4B55-9423-724E72167086}.Debug|Any CPU.ActiveCfg = Debug|Any CPU
		{F967DA62-01EA-4B55-9423-724E72167086}.Debug|Any CPU.Build.0 = Debug|Any CPU
		{F967DA62-01EA-4B55-9423-724E72167086}.Release|Any CPU.ActiveCfg = Release|Any CPU
		{F967DA62-01EA-4B55-9423-724E72167086}.Release|Any CPU.Build.0 = Release|Any CPU
	EndGlobalSection
	GlobalSection(SolutionProperties) = preSolution
		HideSolutionNode = FALSE
	EndGlobalSection
	GlobalSection(ExtensibilityGlobals) = postSolution
		SolutionGuid = {EAFA2FD7-9CB7-405F-B2D4-5B80D3DE1485}
	EndGlobalSection
EndGlobal
